
Microsoft Visual Studio Solution File, Format Version 12.00
# Visual Studio Version 17
VisualStudioVersion = 17.8.34330.188
MinimumVisualStudioVersion = 10.0.40219.1
Project("{9A19103F-16F7-4668-BE54-9A1E7A4F7556}") = "ProjectFoobar", "ProjectFoobar\ProjectFoobar.csproj", "{EB2DFC59-3D05-4EEE-AB92-F2CA44F7C491}"
EndProject
Project("{9A19103F-16F7-4668-BE54-9A1E7A4F7556}") = "ProjectFoobar.Desktop", "ProjectFoobar.Desktop\ProjectFoobar.Desktop.csproj", "{9740C963-A9AA-46A4-BFEC-2E7CF230F263}"
EndProject
Global
	GlobalSection(SolutionConfigurationPlatforms) = preSolution
		Debug|Any CPU = Debug|Any CPU
		Release|Any CPU = Release|Any CPU
	EndGlobalSection
	GlobalSection(ProjectConfigurationPlatforms) = postSolution
		{EB2DFC59-3D05-4EEE-AB92-F2CA44F7C491}.Debug|Any CPU.ActiveCfg = Debug|Any CPU
		{EB2DFC59-3D05-4EEE-AB92-F2CA44F7C491}.Debug|Any CPU.Build.0 = Debug|Any CPU
		{EB2DFC59-3D05-4EEE-AB92-F2CA44F7C491}.Release|Any CPU.ActiveCfg = Release|Any CPU
		{EB2DFC59-3D05-4EEE-AB92-F2CA44F7C491}.Release|Any CPU.Build.0 = Release|Any CPU
		{9740C963-A9AA-46A4-BFEC-2E7CF230F263}.Debug|Any CPU.ActiveCfg = Debug|Any CPU
		{9740C963-A9AA-46A4-BFEC-2E7CF230F263}.Debug|Any CPU.Build.0 = Debug|Any CPU
		{9740C963-A9AA-46A4-BFEC-2E7CF230F263}.Release|Any CPU.ActiveCfg = Release|Any CPU
		{9740C963-A9AA-46A4-BFEC-2E7CF230F263}.Release|Any CPU.Build.0 = Release|Any CPU
	EndGlobalSection
	GlobalSection(SolutionProperties) = preSolution
		HideSolutionNode = FALSE
	EndGlobalSection
	GlobalSection(ExtensibilityGlobals) = postSolution
		SolutionGuid = {D6AA5122-CB34-456F-ADFD-6BFE359C4A57}
	EndGlobalSection
EndGlobal
